
Microsoft Visual Studio Solution File, Format Version 12.00
# Visual Studio Version 16
VisualStudioVersion = 16.0.31129.286
MinimumVisualStudioVersion = 10.0.40219.1
Project("{FAE04EC0-301F-11D3-BF4B-00C04F79EFBC}") = "TicTacToe_App.Android", "TicTacToe_App\TicTacToe_App.Android\TicTacToe_App.Android.csproj", "{1C65C063-78CF-4F89-BDBB-A9FD9252E30E}"
EndProject
Project("{FAE04EC0-301F-11D3-BF4B-00C04F79EFBC}") = "TicTacToe_App", "TicTacToe_App\TicTacToe_App\TicTacToe_App.csproj", "{B8E55845-6993-491E-B9B1-3D6CD562C1A2}"
EndProject
Global
	GlobalSection(SolutionConfigurationPlatforms) = preSolution
		Debug|Any CPU = Debug|Any CPU
		Release|Any CPU = Release|Any CPU
	EndGlobalSection
	GlobalSection(ProjectConfigurationPlatforms) = postSolution
		{1C65C063-78CF-4F89-BDBB-A9FD9252E30E}.Debug|Any CPU.ActiveCfg = Debug|Any CPU
		{1C65C063-78CF-4F89-BDBB-A9FD9252E30E}.Debug|Any CPU.Build.0 = Debug|Any CPU
		{1C65C063-78CF-4F89-BDBB-A9FD9252E30E}.Debug|Any CPU.Deploy.0 = Debug|Any CPU
		{1C65C063-78CF-4F89-BDBB-A9FD9252E30E}.Release|Any CPU.ActiveCfg = Release|Any CPU
		{1C65C063-78CF-4F89-BDBB-A9FD9252E30E}.Release|Any CPU.Build.0 = Release|Any CPU
		{1C65C063-78CF-4F89-BDBB-A9FD9252E30E}.Release|Any CPU.Deploy.0 = Release|Any CPU
		{B8E55845-6993-491E-B9B1-3D6CD562C1A2}.Debug|Any CPU.ActiveCfg = Debug|Any CPU
		{B8E55845-6993-491E-B9B1-3D6CD562C1A2}.Debug|Any CPU.Build.0 = Debug|Any CPU
		{B8E55845-6993-491E-B9B1-3D6CD562C1A2}.Debug|Any CPU.Deploy.0 = Debug|Any CPU
		{B8E55845-6993-491E-B9B1-3D6CD562C1A2}.Release|Any CPU.ActiveCfg = Release|Any CPU
		{B8E55845-6993-491E-B9B1-3D6CD562C1A2}.Release|Any CPU.Build.0 = Release|Any CPU
		{B8E55845-6993-491E-B9B1-3D6CD562C1A2}.Release|Any CPU.Deploy.0 = Release|Any CPU
	EndGlobalSection
	GlobalSection(SolutionProperties) = preSolution
		HideSolutionNode = FALSE
	EndGlobalSection
	GlobalSection(ExtensibilityGlobals) = postSolution
		SolutionGuid = {17725E7F-AE38-42D5-A83B-1BC645180878}
	EndGlobalSection
EndGlobal
